#MicroXplorer Configuration settings - do not modify
CAD.formats=
CAD.pinconfig=
CAD.provider=
File.Version=6
GPIO.groupedBy=Group By Peripherals
KeepUserPlacement=false
Mcu.CPN=STM32F429ZIT6
Mcu.Family=STM32F4
Mcu.IP0=NVIC
Mcu.IP1=RCC
Mcu.IP2=SYS
Mcu.IP3=TIM2
Mcu.IP4=TIM3
Mcu.IP5=TIM4
Mcu.IP6=TIM5
Mcu.IP7=TIM9
Mcu.IP8=TIM10
Mcu.IP9=USART3
Mcu.IPNb=10
Mcu.Name=STM32F429ZITx
Mcu.Package=LQFP144
Mcu.Pin0=PE5
Mcu.Pin1=PB2/BOOT1
Mcu.Pin10=PD12
Mcu.Pin11=PG2
Mcu.Pin12=PG3
Mcu.Pin13=PB6
Mcu.Pin14=PB7
Mcu.Pin15=VP_SYS_VS_Systick
Mcu.Pin16=VP_TIM2_VS_ClockSourceINT
Mcu.Pin17=VP_TIM3_VS_ClockSourceINT
Mcu.Pin18=VP_TIM4_VS_ClockSourceINT
Mcu.Pin19=VP_TIM5_VS_ClockSourceINT
Mcu.Pin2=PF12
Mcu.Pin20=VP_TIM9_VS_ClockSourceINT
Mcu.Pin21=VP_TIM10_VS_ClockSourceINT
Mcu.Pin3=PF13
Mcu.Pin4=PF14
Mcu.Pin5=PF15
Mcu.Pin6=PG0
Mcu.Pin7=PG1
Mcu.Pin8=PD8
Mcu.Pin9=PD9
Mcu.PinsNb=22
Mcu.ThirdPartyNb=0
Mcu.UserConstants=
Mcu.UserName=STM32F429ZITx
MxCube.Version=6.12.1
MxDb.Version=DB.6.0.121
NVIC.BusFault_IRQn=true\:0\:0\:false\:false\:true\:false\:false\:false
NVIC.DebugMonitor_IRQn=true\:0\:0\:false\:false\:true\:false\:false\:false
NVIC.EXTI15_10_IRQn=true\:0\:0\:false\:true\:true\:2\:true\:true\:true
NVIC.EXTI1_IRQn=true\:0\:0\:false\:true\:true\:8\:true\:true\:true
NVIC.EXTI2_IRQn=true\:0\:0\:false\:true\:true\:5\:true\:true\:true
NVIC.EXTI3_IRQn=true\:0\:0\:false\:true\:true\:7\:true\:true\:true
NVIC.ForceEnableDMAVector=true
NVIC.HardFault_IRQn=true\:0\:0\:false\:false\:true\:false\:false\:false
NVIC.MemoryManagement_IRQn=true\:0\:0\:false\:false\:true\:false\:false\:false
NVIC.NonMaskableInt_IRQn=true\:0\:0\:false\:false\:true\:false\:false\:false
NVIC.PendSV_IRQn=true\:0\:0\:false\:false\:true\:false\:false\:false
NVIC.PriorityGroup=NVIC_PRIORITYGROUP_4
NVIC.SVCall_IRQn=true\:0\:0\:false\:false\:true\:false\:false\:false
NVIC.SysTick_IRQn=true\:15\:0\:false\:false\:true\:false\:true\:false
NVIC.TIM1_UP_TIM10_IRQn=true\:0\:0\:false\:true\:true\:9\:true\:true\:true
NVIC.TIM2_IRQn=true\:0\:0\:false\:true\:true\:4\:true\:true\:true
NVIC.TIM3_IRQn=true\:0\:0\:false\:true\:true\:1\:true\:true\:true
NVIC.TIM5_IRQn=true\:0\:0\:false\:true\:true\:6\:true\:true\:true
NVIC.USART3_IRQn=true\:0\:0\:false\:true\:true\:3\:true\:true\:true
NVIC.UsageFault_IRQn=true\:0\:0\:false\:false\:true\:false\:false\:false
PB2/BOOT1.GPIOParameters=PinState,GPIO_PuPd,GPIO_Label,GPIO_ModeDefaultOutputPP
PB2/BOOT1.GPIO_Label=KEYPAD6
PB2/BOOT1.GPIO_ModeDefaultOutputPP=GPIO_MODE_OUTPUT_PP
PB2/BOOT1.GPIO_PuPd=GPIO_NOPULL
PB2/BOOT1.Locked=true
PB2/BOOT1.PinState=GPIO_PIN_SET
PB2/BOOT1.Signal=GPIO_Output
PB6.GPIOParameters=PinState,GPIO_Label
PB6.GPIO_Label=KEYPAD5
PB6.Locked=true
PB6.PinState=GPIO_PIN_SET
PB6.Signal=GPIO_Output
PB7.GPIOParameters=GPIO_Label
PB7.GPIO_Label=LD2
PB7.Locked=true
PB7.Signal=GPIO_Output
PD12.Signal=S_TIM4_CH1
PD8.Locked=true
PD8.Mode=Asynchronous
PD8.Signal=USART3_TX
PD9.Locked=true
PD9.Mode=Asynchronous
PD9.Signal=USART3_RX
PE5.Signal=S_TIM9_CH1
PF12.GPIOParameters=GPIO_PuPd,GPIO_Label,GPIO_ModeDefaultEXTI
PF12.GPIO_Label=KEYPAD1
PF12.GPIO_ModeDefaultEXTI=GPIO_MODE_IT_FALLING
PF12.GPIO_PuPd=GPIO_PULLUP
PF12.Locked=true
PF12.Signal=GPXTI12
PF13.GPIOParameters=GPIO_PuPd,GPIO_Label,GPIO_ModeDefaultEXTI
PF13.GPIO_Label=KEYPAD2
PF13.GPIO_ModeDefaultEXTI=GPIO_MODE_IT_FALLING
PF13.GPIO_PuPd=GPIO_PULLUP
PF13.Locked=true
PF13.Signal=GPXTI13
PF14.GPIOParameters=GPIO_PuPd,GPIO_Label,GPIO_ModeDefaultEXTI
PF14.GPIO_Label=KEYPAD3
PF14.GPIO_ModeDefaultEXTI=GPIO_MODE_IT_FALLING
PF14.GPIO_PuPd=GPIO_PULLUP
PF14.Locked=true
PF14.Signal=GPXTI14
PF15.GPIOParameters=GPIO_PuPd,GPIO_Label,GPIO_ModeDefaultEXTI
PF15.GPIO_Label=KEYPAD4
PF15.GPIO_ModeDefaultEXTI=GPIO_MODE_IT_FALLING
PF15.GPIO_PuPd=GPIO_PULLUP
PF15.Locked=true
PF15.Signal=GPXTI15
PG0.GPIOParameters=PinState,GPIO_Label
PG0.GPIO_Label=KEYPAD7
PG0.Locked=true
PG0.PinState=GPIO_PIN_SET
PG0.Signal=GPIO_Output
PG1.GPIOParameters=GPIO_PuPd,GPIO_Label,GPIO_ModeDefaultEXTI
PG1.GPIO_Label=SETUP_SW
PG1.GPIO_ModeDefaultEXTI=GPIO_MODE_IT_FALLING
PG1.GPIO_PuPd=GPIO_PULLUP
PG1.Locked=true
PG1.Signal=GPXTI1
PG2.GPIOParameters=GPIO_PuPd,GPIO_Label,GPIO_ModeDefaultEXTI
PG2.GPIO_Label=STATE_SW
PG2.GPIO_ModeDefaultEXTI=GPIO_MODE_IT_RISING_FALLING
PG2.GPIO_PuPd=GPIO_PULLUP
PG2.Locked=true
PG2.Signal=GPXTI2
PG3.GPIOParameters=GPIO_PuPd,GPIO_Label,GPIO_ModeDefaultEXTI
PG3.GPIO_Label=DOOR_SW
PG3.GPIO_ModeDefaultEXTI=GPIO_MODE_IT_FALLING
PG3.GPIO_PuPd=GPIO_PULLUP
PG3.Locked=true
PG3.Signal=GPXTI3
PinOutPanel.RotationAngle=0
ProjectManager.AskForMigrate=true
ProjectManager.BackupPrevious=false
ProjectManager.CompilerOptimize=6
ProjectManager.ComputerToolchain=false
ProjectManager.CoupleFile=false
ProjectManager.CustomerFirmwarePackage=
ProjectManager.DefaultFWLocation=true
ProjectManager.DeletePrevious=true
ProjectManager.DeviceId=STM32F429ZITx
ProjectManager.FirmwarePackage=STM32Cube FW_F4 V1.28.1
ProjectManager.FreePins=false
ProjectManager.HalAssertFull=false
ProjectManager.HeapSize=0x200
ProjectManager.KeepUserCode=true
ProjectManager.LastFirmware=true
ProjectManager.LibraryCopy=1
ProjectManager.MainLocation=Core/Src
ProjectManager.NoMain=false
ProjectManager.PreviousToolchain=
ProjectManager.ProjectBuild=false
ProjectManager.ProjectFileName=DoorLock.ioc
ProjectManager.ProjectName=DoorLock
ProjectManager.ProjectStructure=
ProjectManager.RegisterCallBack=
ProjectManager.StackSize=0x400
ProjectManager.TargetToolchain=STM32CubeIDE
ProjectManager.ToolChainLocation=
ProjectManager.UAScriptAfterPath=
ProjectManager.UAScriptBeforePath=
ProjectManager.UnderRoot=true
ProjectManager.functionlistsort=1-SystemClock_Config-RCC-false-HAL-false,2-MX_GPIO_Init-GPIO-false-HAL-true,3-MX_TIM3_Init-TIM3-false-HAL-true,4-MX_USART3_UART_Init-USART3-false-HAL-true,5-MX_TIM4_Init-TIM4-false-HAL-true,6-MX_TIM2_Init-TIM2-false-HAL-true,7-MX_TIM5_Init-TIM5-false-HAL-true,8-MX_TIM1_Init-TIM1-false-HAL-true
RCC.AHBFreq_Value=16000000
RCC.APB1Freq_Value=16000000
RCC.APB2Freq_Value=16000000
RCC.CortexFreq_Value=16000000
RCC.FamilyName=M
RCC.HSE_VALUE=25000000
RCC.HSI_VALUE=16000000
RCC.I2SClocksFreq_Value=96000000
RCC.IPParameters=AHBFreq_Value,APB1Freq_Value,APB2Freq_Value,CortexFreq_Value,FamilyName,HSE_VALUE,HSI_VALUE,I2SClocksFreq_Value,LSE_VALUE,LSI_VALUE,PLLCLKFreq_Value,PLLQCLKFreq_Value,RTCFreq_Value,RTCHSEDivFreq_Value,SYSCLKFreq_VALUE,VCOI2SOutputFreq_Value,VCOInputFreq_Value,VCOOutputFreq_Value,VCOSAIOutputFreq_Value,VCOSAIOutputFreq_ValueQ,VCOSAIOutputFreq_ValueR,VcooutputI2S,VcooutputI2SQ
RCC.LSE_VALUE=32768
RCC.LSI_VALUE=32000
RCC.PLLCLKFreq_Value=96000000
RCC.PLLQCLKFreq_Value=48000000
RCC.RTCFreq_Value=32000
RCC.RTCHSEDivFreq_Value=12500000
RCC.SYSCLKFreq_VALUE=16000000
RCC.VCOI2SOutputFreq_Value=192000000
RCC.VCOInputFreq_Value=1000000
RCC.VCOOutputFreq_Value=192000000
RCC.VCOSAIOutputFreq_Value=49000000
RCC.VCOSAIOutputFreq_ValueQ=12250000
RCC.VCOSAIOutputFreq_ValueR=24500000
RCC.VcooutputI2S=96000000
RCC.VcooutputI2SQ=96000000
SH.GPXTI1.0=GPIO_EXTI1
SH.GPXTI1.ConfNb=1
SH.GPXTI12.0=GPIO_EXTI12
SH.GPXTI12.ConfNb=1
SH.GPXTI13.0=GPIO_EXTI13
SH.GPXTI13.ConfNb=1
SH.GPXTI14.0=GPIO_EXTI14
SH.GPXTI14.ConfNb=1
SH.GPXTI15.0=GPIO_EXTI15
SH.GPXTI15.ConfNb=1
SH.GPXTI2.0=GPIO_EXTI2
SH.GPXTI2.ConfNb=1
SH.GPXTI3.0=GPIO_EXTI3
SH.GPXTI3.ConfNb=1
SH.S_TIM4_CH1.0=TIM4_CH1,PWM Generation1 CH1
SH.S_TIM4_CH1.ConfNb=1
SH.S_TIM9_CH1.0=TIM9_CH1,PWM Generation1 CH1
SH.S_TIM9_CH1.ConfNb=1
TIM10.IPParameters=Prescaler,Period
TIM10.Period=499
TIM10.Prescaler=15999
TIM2.IPParameters=Prescaler,Period,TIM_MasterOutputTrigger
TIM2.Period=4999
TIM2.Prescaler=15999
TIM2.TIM_MasterOutputTrigger=TIM_TRGO_UPDATE
TIM3.IPParameters=Prescaler,Period,TIM_MasterOutputTrigger
TIM3.Period=4999
TIM3.Prescaler=159
TIM3.TIM_MasterOutputTrigger=TIM_TRGO_UPDATE
TIM4.Channel-PWM\ Generation1\ CH1=TIM_CHANNEL_1
TIM4.IPParameters=Channel-PWM Generation1 CH1,Period,Prescaler,Pulse-PWM Generation1 CH1
TIM4.Period=19999
TIM4.Prescaler=15
TIM4.Pulse-PWM\ Generation1\ CH1=499
TIM5.IPParameters=Prescaler,Period,TIM_MasterOutputTrigger
TIM5.Period=1999
TIM5.Prescaler=15999
TIM5.TIM_MasterOutputTrigger=TIM_TRGO_UPDATE
TIM9.Channel-PWM\ Generation1\ CH1=TIM_CHANNEL_1
TIM9.IPParameters=Channel-PWM Generation1 CH1,Prescaler,Period
TIM9.Period=1999
TIM9.Prescaler=15
USART3.IPParameters=VirtualMode
USART3.VirtualMode=VM_ASYNC
VP_SYS_VS_Systick.Mode=SysTick
VP_SYS_VS_Systick.Signal=SYS_VS_Systick
VP_TIM10_VS_ClockSourceINT.Mode=Enable_Timer
VP_TIM10_VS_ClockSourceINT.Signal=TIM10_VS_ClockSourceINT
VP_TIM2_VS_ClockSourceINT.Mode=Internal
VP_TIM2_VS_ClockSourceINT.Signal=TIM2_VS_ClockSourceINT
VP_TIM3_VS_ClockSourceINT.Mode=Internal
VP_TIM3_VS_ClockSourceINT.Signal=TIM3_VS_ClockSourceINT
VP_TIM4_VS_ClockSourceINT.Mode=Internal
VP_TIM4_VS_ClockSourceINT.Signal=TIM4_VS_ClockSourceINT
VP_TIM5_VS_ClockSourceINT.Mode=Internal
VP_TIM5_VS_ClockSourceINT.Signal=TIM5_VS_ClockSourceINT
VP_TIM9_VS_ClockSourceINT.Mode=Internal
VP_TIM9_VS_ClockSourceINT.Signal=TIM9_VS_ClockSourceINT
board=custom
isbadioc=false
